lockfileVersion: '9.0'

settings:
  autoInstallPeers: true
  excludeLinksFromLockfile: false

importers:

  .:
    dependencies:
      conwelcome:
        specifier: ^0.1.7
        version: 0.1.7
      inquirer:
        specifier: ^13.0.1
        version: 13.2.4(@types/node@24.2.1)
      prettier:
        specifier: ^3.5.3
        version: 3.8.1

packages:

  '@inquirer/ansi@2.0.3':
    resolution: {integrity: sha512-g44zhR3NIKVs0zUesa4iMzExmZpLUdTLRMCStqX3GE5NT6VkPcxQGJ+uC8tDgBUC/vB1rUhUd55cOf++4NZcmw==}
    engines: {node: '>=23.5.0 || ^22.13.0 || ^21.7.0 || ^20.12.0'}

  '@inquirer/checkbox@5.0.6':
    resolution: {integrity: sha512-qLZ1gOpsqsieB5k98GQ9bWYggvMsCXTc7HUwhEQpTsxFQYGthqR9UysCwqB7L9h47THYdXhJegnYb1IqURMjng==}
    engines: {node: '>=23.5.0 || ^22.13.0 || ^21.7.0 || ^20.12.0'}
    peerDependencies:
      '@types/node': '>=18'
    peerDependenciesMeta:
      '@types/node':
        optional: true

  '@inquirer/confirm@6.0.6':
    resolution: {integrity: sha512-9ZkrGYiWnOKQPc3xfLIORE3lZW1qvtgRoJcoqopr5zssBn7yk4yONmzGynEOjc16FnUXzkAejj/I29BbfcoUfQ==}
    engines: {node: '>=23.5.0 || ^22.13.0 || ^21.7.0 || ^20.12.0'}
    peerDependencies:
      '@types/node': '>=18'
    peerDependenciesMeta:
      '@types/node':
        optional: true

  '@inquirer/core@11.1.3':
    resolution: {integrity: sha512-TBAGPDGvpwFSQ4nkawQzq5/X7DhElANjvKeUtcjpVnBIfuH/OEu4M+79R3+bGPtwxST4DOIGRtF933mUH2bRVw==}
    engines: {node: '>=23.5.0 || ^22.13.0 || ^21.7.0 || ^20.12.0'}
    peerDependencies:
      '@types/node': '>=18'
    peerDependenciesMeta:
      '@types/node':
        optional: true

  '@inquirer/editor@5.0.6':
    resolution: {integrity: sha512-dxTi/TB29NaW18u0pQl3B140695izGUMzr340a4Yhxll3oa0/iwxl6C88sX9LDUPFaaM4FDASEMnLm8XVk2VVg==}
    engines: {node: '>=23.5.0 || ^22.13.0 || ^21.7.0 || ^20.12.0'}
    peerDependencies:
      '@types/node': '>=18'
    peerDependenciesMeta:
      '@types/node':
        optional: true

  '@inquirer/expand@5.0.6':
    resolution: {integrity: sha512-HmgMzFdMk/gmPXfuFy4xgWkyIVbdH81otQkrFbhklFZcGauwDFD1EbgmZdgmYCN5pWhSEnYIadg1kysLgPIYag==}
    engines: {node: '>=23.5.0 || ^22.13.0 || ^21.7.0 || ^20.12.0'}
    peerDependencies:
      '@types/node': '>=18'
    peerDependenciesMeta:
      '@types/node':
        optional: true

  '@inquirer/external-editor@2.0.3':
    resolution: {integrity: sha512-LgyI7Agbda74/cL5MvA88iDpvdXI2KuMBCGRkbCl2Dg1vzHeOgs+s0SDcXV7b+WZJrv2+ERpWSM65Fpi9VfY3w==}
    engines: {node: '>=23.5.0 || ^22.13.0 || ^21.7.0 || ^20.12.0'}
    peerDependencies:
      '@types/node': '>=18'
    peerDependenciesMeta:
      '@types/node':
        optional: true

  '@inquirer/figures@2.0.3':
    resolution: {integrity: sha512-y09iGt3JKoOCBQ3w4YrSJdokcD8ciSlMIWsD+auPu+OZpfxLuyz+gICAQ6GCBOmJJt4KEQGHuZSVff2jiNOy7g==}
    engines: {node: '>=23.5.0 || ^22.13.0 || ^21.7.0 || ^20.12.0'}

  '@inquirer/input@5.0.6':
    resolution: {integrity: sha512-RZsJcjMJA3QNI9q9OiAi1fAom+Pb8on6alJB1Teh5jjKaiG5C79P69cG955ZRfgPdxTmI4uyhf33+94Xj7xWig==}
    engines: {node: '>=23.5.0 || ^22.13.0 || ^21.7.0 || ^20.12.0'}
    peerDependencies:
      '@types/node': '>=18'
    peerDependenciesMeta:
      '@types/node':
        optional: true

  '@inquirer/number@4.0.6':
    resolution: {integrity: sha512-owMkAY+gR0BggomDTL+Z22x/yfE4ocFrmNyJacOiaDVA/d+iL4IWyk7Ds7JEuDMxuhHFB46Dubdxg1uiD7GlCA==}
    engines: {node: '>=23.5.0 || ^22.13.0 || ^21.7.0 || ^20.12.0'}
    peerDependencies:
      '@types/node': '>=18'
    peerDependenciesMeta:
      '@types/node':
        optional: true

  '@inquirer/password@5.0.6':
    resolution: {integrity: sha512-c4BT4SB79iYwPhtGVBSvrlTnn4oFSYnwocafmktpay8RK75T2c2+fLlR0i1Cxw0QOhdy/YULdmpHoy1sOrPzvA==}
    engines: {node: '>=23.5.0 || ^22.13.0 || ^21.7.0 || ^20.12.0'}
    peerDependencies:
      '@types/node': '>=18'
    peerDependenciesMeta:
      '@types/node':
        optional: true

  '@inquirer/prompts@8.2.1':
    resolution: {integrity: sha512-76knJFW2oXdI6If5YRmEoT5u7l+QroXYrMiINFcb97LsyECgsbO9m6iWlPuhBtaFgNITPHQCk3wbex38q8gsjg==}
    engines: {node: '>=23.5.0 || ^22.13.0 || ^21.7.0 || ^20.12.0'}
    peerDependencies:
      '@types/node': '>=18'
    peerDependenciesMeta:
      '@types/node':
        optional: true

  '@inquirer/rawlist@5.2.2':
    resolution: {integrity: sha512-ld2EhLlf3fsBv7QfxR31NdBecGdS6eeFFZ+Nx88ApjtifeCEc9TNrw8x5tGe+gd6HG1ERczOb4B/bMojiGIp1g==}
    engines: {node: '>=23.5.0 || ^22.13.0 || ^21.7.0 || ^20.12.0'}
    peerDependencies:
      '@types/node': '>=18'
    peerDependenciesMeta:
      '@types/node':
        optional: true

  '@inquirer/search@4.1.2':
    resolution: {integrity: sha512-kdGbbbWYKldWxpxodKYPmFl/ctBi3DjWlA4LX48jXtqJ7NEeoEKlyFTbE4xNEFcGDi15tvaxRLzCV4A53zqYIw==}
    engines: {node: '>=23.5.0 || ^22.13.0 || ^21.7.0 || ^20.12.0'}
    peerDependencies:
      '@types/node': '>=18'
    peerDependenciesMeta:
      '@types/node':
        optional: true

  '@inquirer/select@5.0.6':
    resolution: {integrity: sha512-9DyVbNCo4q0C3CkGd6zW0SW3NQuuk4Hy0NSbP6zErz2YNWF4EHHJCRzcV34/CDQLraeAQXbHYlMofuUrs6BBZQ==}
    engines: {node: '>=23.5.0 || ^22.13.0 || ^21.7.0 || ^20.12.0'}
    peerDependencies:
      '@types/node': '>=18'
    peerDependenciesMeta:
      '@types/node':
        optional: true

  '@inquirer/type@4.0.3':
    resolution: {integrity: sha512-cKZN7qcXOpj1h+1eTTcGDVLaBIHNMT1Rz9JqJP5MnEJ0JhgVWllx7H/tahUp5YEK1qaByH2Itb8wLG/iScD5kw==}
    engines: {node: '>=23.5.0 || ^22.13.0 || ^21.7.0 || ^20.12.0'}
    peerDependencies:
      '@types/node': '>=18'
    peerDependenciesMeta:
      '@types/node':
        optional: true

  '@types/node@24.2.1':
    resolution: {integrity: sha512-DRh5K+ka5eJic8CjH7td8QpYEV6Zo10gfRkjHCO3weqZHWDtAaSTFtl4+VMqOJ4N5jcuhZ9/l+yy8rVgw7BQeQ==}

  chalk@5.4.1:
    resolution: {integrity: sha512-zgVZuo2WcZgfUEmsn6eO3kINexW8RAE4maiQ8QNs8CtpPCSyMiYsULR3HQYkm3w8FIA3SberyMJMSldGsW+U3w==}
    engines: {node: ^12.17.0 || ^14.13 || >=16.0.0}

  chardet@2.1.1:
    resolution: {integrity: sha512-PsezH1rqdV9VvyNhxxOW32/d75r01NY7TQCmOqomRo15ZSOKbpTFVsfjghxo6JloQUCGnH4k1LGu0R4yCLlWQQ==}

  cli-width@4.1.0:
    resolution: {integrity: sha512-ouuZd4/dm2Sw5Gmqy6bGyNNNe1qt9RpmxveLSO7KcgsTnU7RXfsw+/bukWGo1abgBiMAic068rclZsO4IWmmxQ==}
    engines: {node: '>= 12'}

  conclean@0.2.5:
    resolution: {integrity: sha512-0nghD/ZormeXBQ6wuUabvzSB9SgX6E/jaZXXhoN7M/tctsaeFQx+rTQk9+BFlNop3JArlroZRSTQ+CUY4hss/Q==}

  conwelcome@0.1.7:
    resolution: {integrity: sha512-QZTa4GIwcIcaCrf7SvlXNYbbVtQLz79DjTXKy868OwjLddmcG50LvgS3K99tiDHx6fpz0SBdPVPw5QWI1wAGVQ==}

  fast-string-truncated-width@3.0.3:
    resolution: {integrity: sha512-0jjjIEL6+0jag3l2XWWizO64/aZVtpiGE3t0Zgqxv0DPuxiMjvB3M24fCyhZUO4KomJQPj3LTSUnDP3GpdwC0g==}

  fast-string-width@3.0.2:
    resolution: {integrity: sha512-gX8LrtNEI5hq8DVUfRQMbr5lpaS4nMIWV+7XEbXk2b8kiQIizgnlr12B4dA3ZEx3308ze0O4Q1R+cHts8kyUJg==}

  fast-wrap-ansi@0.2.0:
    resolution: {integrity: sha512-rLV8JHxTyhVmFYhBJuMujcrHqOT2cnO5Zxj37qROj23CP39GXubJRBUFF0z8KFK77Uc0SukZUf7JZhsVEQ6n8w==}

  iconv-lite@0.7.2:
    resolution: {integrity: sha512-im9DjEDQ55s9fL4EYzOAv0yMqmMBSZp6G0VvFyTMPKWxiSBHUj9NW/qqLmXUwXrrM7AvqSlTCfvqRb0cM8yYqw==}
    engines: {node: '>=0.10.0'}

  inquirer@13.2.4:
    resolution: {integrity: sha512-7JJ8+lGhGtJOeVnrH4IqP7mQgOqvHkKS6DNLTkMHEI3iHKzZUaidOivU9q8wrlSRvT0ISCBMweMK7TWYzr5BhA==}
    engines: {node: '>=23.5.0 || ^22.13.0 || ^21.7.0 || ^20.12.0'}
    peerDependencies:
      '@types/node': '>=18'
    peerDependenciesMeta:
      '@types/node':
        optional: true

  mute-stream@3.0.0:
    resolution: {integrity: sha512-dkEJPVvun4FryqBmZ5KhDo0K9iDXAwn08tMLDinNdRBNPcYEDiWYysLcc6k3mjTMlbP9KyylvRpd4wFtwrT9rw==}
    engines: {node: ^20.17.0 || >=22.9.0}

  prettier@3.8.1:
    resolution: {integrity: sha512-UOnG6LftzbdaHZcKoPFtOcCKztrQ57WkHDeRD9t/PTQtmT0NHSeWWepj6pS0z/N7+08BHFDQVUrfmfMRcZwbMg==}
    engines: {node: '>=14'}
    hasBin: true

  run-async@4.0.6:
    resolution: {integrity: sha512-IoDlSLTs3Yq593mb3ZoKWKXMNu3UpObxhgA/Xuid5p4bbfi2jdY1Hj0m1K+0/tEuQTxIGMhQDqGjKb7RuxGpAQ==}
    engines: {node: '>=0.12.0'}

  rxjs@7.8.2:
    resolution: {integrity: sha512-dhKf903U/PQZY6boNNtAGdWbG85WAbjT/1xYoZIC7FAY0yWapOBQVsVrDl58W86//e1VpMNBtRV4MaXfdMySFA==}

  safer-buffer@2.1.2:
    resolution: {integrity: sha512-YZo3K82SD7Riyi0E1EQPojLz7kpepnSQI9IyPbHHg1XXXevb5dJI7tpyN2ADxGcQbHG7vcyRHk0cbwqcQriUtg==}

  signal-exit@4.1.0:
    resolution: {integrity: sha512-bzyZ1e88w9O1iNJbKnOlvYTrWPDl46O1bG0D3XInv+9tkPrxrN8jUUTiFlDkkmKWgn1M6CfIA13SuGqOa9Korw==}
    engines: {node: '>=14'}

  tslib@2.8.1:
    resolution: {integrity: sha512-oJFu94HQb+KVduSUQL7wnpmqnfmLsOA/nAh6b6EH0wCEoK0/mPeXU6c3wKDV83MkOuHPRHtSXKKU99IBazS/2w==}

  undici-types@7.10.0:
    resolution: {integrity: sha512-t5Fy/nfn+14LuOc2KNYg75vZqClpAiqscVvMygNnlsHBFpSXdJaYtXMcdNLpl/Qvc3P2cB3s6lOV51nqsFq4ag==}

snapshots:

  '@inquirer/ansi@2.0.3': {}

  '@inquirer/checkbox@5.0.6(@types/node@24.2.1)':
    dependencies:
      '@inquirer/ansi': 2.0.3
      '@inquirer/core': 11.1.3(@types/node@24.2.1)
      '@inquirer/figures': 2.0.3
      '@inquirer/type': 4.0.3(@types/node@24.2.1)
    optionalDependencies:
      '@types/node': 24.2.1

  '@inquirer/confirm@6.0.6(@types/node@24.2.1)':
    dependencies:
      '@inquirer/core': 11.1.3(@types/node@24.2.1)
      '@inquirer/type': 4.0.3(@types/node@24.2.1)
    optionalDependencies:
      '@types/node': 24.2.1

  '@inquirer/core@11.1.3(@types/node@24.2.1)':
    dependencies:
      '@inquirer/ansi': 2.0.3
      '@inquirer/figures': 2.0.3
      '@inquirer/type': 4.0.3(@types/node@24.2.1)
      cli-width: 4.1.0
      fast-wrap-ansi: 0.2.0
      mute-stream: 3.0.0
      signal-exit: 4.1.0
    optionalDependencies:
      '@types/node': 24.2.1

  '@inquirer/editor@5.0.6(@types/node@24.2.1)':
    dependencies:
      '@inquirer/core': 11.1.3(@types/node@24.2.1)
      '@inquirer/external-editor': 2.0.3(@types/node@24.2.1)
      '@inquirer/type': 4.0.3(@types/node@24.2.1)
    optionalDependencies:
      '@types/node': 24.2.1

  '@inquirer/expand@5.0.6(@types/node@24.2.1)':
    dependencies:
      '@inquirer/core': 11.1.3(@types/node@24.2.1)
      '@inquirer/type': 4.0.3(@types/node@24.2.1)
    optionalDependencies:
      '@types/node': 24.2.1

  '@inquirer/external-editor@2.0.3(@types/node@24.2.1)':
    dependencies:
      chardet: 2.1.1
      iconv-lite: 0.7.2
    optionalDependencies:
      '@types/node': 24.2.1

  '@inquirer/figures@2.0.3': {}

  '@inquirer/input@5.0.6(@types/node@24.2.1)':
    dependencies:
      '@inquirer/core': 11.1.3(@types/node@24.2.1)
      '@inquirer/type': 4.0.3(@types/node@24.2.1)
    optionalDependencies:
      '@types/node': 24.2.1

  '@inquirer/number@4.0.6(@types/node@24.2.1)':
    dependencies:
      '@inquirer/core': 11.1.3(@types/node@24.2.1)
      '@inquirer/type': 4.0.3(@types/node@24.2.1)
    optionalDependencies:
      '@types/node': 24.2.1

  '@inquirer/password@5.0.6(@types/node@24.2.1)':
    dependencies:
      '@inquirer/ansi': 2.0.3
      '@inquirer/core': 11.1.3(@types/node@24.2.1)
      '@inquirer/type': 4.0.3(@types/node@24.2.1)
    optionalDependencies:
      '@types/node': 24.2.1

  '@inquirer/prompts@8.2.1(@types/node@24.2.1)':
    dependencies:
      '@inquirer/checkbox': 5.0.6(@types/node@24.2.1)
      '@inquirer/confirm': 6.0.6(@types/node@24.2.1)
      '@inquirer/editor': 5.0.6(@types/node@24.2.1)
      '@inquirer/expand': 5.0.6(@types/node@24.2.1)
      '@inquirer/input': 5.0.6(@types/node@24.2.1)
      '@inquirer/number': 4.0.6(@types/node@24.2.1)
      '@inquirer/password': 5.0.6(@types/node@24.2.1)
      '@inquirer/rawlist': 5.2.2(@types/node@24.2.1)
      '@inquirer/search': 4.1.2(@types/node@24.2.1)
      '@inquirer/select': 5.0.6(@types/node@24.2.1)
    optionalDependencies:
      '@types/node': 24.2.1

  '@inquirer/rawlist@5.2.2(@types/node@24.2.1)':
    dependencies:
      '@inquirer/core': 11.1.3(@types/node@24.2.1)
      '@inquirer/type': 4.0.3(@types/node@24.2.1)
    optionalDependencies:
      '@types/node': 24.2.1

  '@inquirer/search@4.1.2(@types/node@24.2.1)':
    dependencies:
      '@inquirer/core': 11.1.3(@types/node@24.2.1)
      '@inquirer/figures': 2.0.3
      '@inquirer/type': 4.0.3(@types/node@24.2.1)
    optionalDependencies:
      '@types/node': 24.2.1

  '@inquirer/select@5.0.6(@types/node@24.2.1)':
    dependencies:
      '@inquirer/ansi': 2.0.3
      '@inquirer/core': 11.1.3(@types/node@24.2.1)
      '@inquirer/figures': 2.0.3
      '@inquirer/type': 4.0.3(@types/node@24.2.1)
    optionalDependencies:
      '@types/node': 24.2.1

  '@inquirer/type@4.0.3(@types/node@24.2.1)':
    optionalDependencies:
      '@types/node': 24.2.1

  '@types/node@24.2.1':
    dependencies:
      undici-types: 7.10.0
    optional: true

  chalk@5.4.1: {}

  chardet@2.1.1: {}

  cli-width@4.1.0: {}

  conclean@0.2.5: {}

  conwelcome@0.1.7:
    dependencies:
      chalk: 5.4.1
      conclean: 0.2.5

  fast-string-truncated-width@3.0.3: {}

  fast-string-width@3.0.2:
    dependencies:
      fast-string-truncated-width: 3.0.3

  fast-wrap-ansi@0.2.0:
    dependencies:
      fast-string-width: 3.0.2

  iconv-lite@0.7.2:
    dependencies:
      safer-buffer: 2.1.2

  inquirer@13.2.4(@types/node@24.2.1):
    dependencies:
      '@inquirer/ansi': 2.0.3
      '@inquirer/core': 11.1.3(@types/node@24.2.1)
      '@inquirer/prompts': 8.2.1(@types/node@24.2.1)
      '@inquirer/type': 4.0.3(@types/node@24.2.1)
      mute-stream: 3.0.0
      run-async: 4.0.6
      rxjs: 7.8.2
    optionalDependencies:
      '@types/node': 24.2.1

  mute-stream@3.0.0: {}

  prettier@3.8.1: {}

  run-async@4.0.6: {}

  rxjs@7.8.2:
    dependencies:
      tslib: 2.8.1

  safer-buffer@2.1.2: {}

  signal-exit@4.1.0: {}

  tslib@2.8.1: {}

  undici-types@7.10.0:
    optional: true
